# This file is automatically @generated by Cargo.
# It is not intended for manual editing.
version = 3

[[package]]
name = "cssl-ast"
version = "0.1.0"

[[package]]
name = "cssl-autodiff"
version = "0.1.0"

[[package]]
name = "cssl-caps"
version = "0.1.0"

[[package]]
name = "cssl-cgen-cpu-cranelift"
version = "0.1.0"

[[package]]
name = "cssl-cgen-gpu-dxil"
version = "0.1.0"

[[package]]
name = "cssl-cgen-gpu-msl"
version = "0.1.0"

[[package]]
name = "cssl-cgen-gpu-spirv"
version = "0.1.0"

[[package]]
name = "cssl-cgen-gpu-wgsl"
version = "0.1.0"

[[package]]
name = "cssl-effects"
version = "0.1.0"

[[package]]
name = "cssl-futamura"
version = "0.1.0"

[[package]]
name = "cssl-hir"
version = "0.1.0"

[[package]]
name = "cssl-host-d3d12"
version = "0.1.0"

[[package]]
name = "cssl-host-level-zero"
version = "0.1.0"

[[package]]
name = "cssl-host-metal"
version = "0.1.0"

[[package]]
name = "cssl-host-vulkan"
version = "0.1.0"

[[package]]
name = "cssl-host-webgpu"
version = "0.1.0"

[[package]]
name = "cssl-ifc"
version = "0.1.0"

[[package]]
name = "cssl-jets"
version = "0.1.0"

[[package]]
name = "cssl-lex"
version = "0.1.0"

[[package]]
name = "cssl-lir"
version = "0.1.0"

[[package]]
name = "cssl-macros"
version = "0.1.0"

[[package]]
name = "cssl-mir"
version = "0.1.0"

[[package]]
name = "cssl-mlir-bridge"
version = "0.1.0"

[[package]]
name = "cssl-parse"
version = "0.1.0"

[[package]]
name = "cssl-persist"
version = "0.1.0"

[[package]]
name = "cssl-rt"
version = "0.1.0"

[[package]]
name = "cssl-smt"
version = "0.1.0"

[[package]]
name = "cssl-staging"
version = "0.1.0"

[[package]]
name = "cssl-telemetry"
version = "0.1.0"

[[package]]
name = "cssl-testing"
version = "0.1.0"

[[package]]
name = "csslc"
version = "0.1.0"
